
Microsoft Visual Studio Solution File, Format Version 12.00
# Visual Studio Version 16
VisualStudioVersion = 16.0.30717.126
MinimumVisualStudioVersion = 10.0.40219.1
Project("{FAE04EC0-301F-11D3-BF4B-00C04F79EFBC}") = "DeepLMobile.Android", "DeepLMobile\DeepLMobile.Android\DeepLMobile.Android.csproj", "{500E386A-2416-403A-BD5F-DA15D2AE9D17}"
EndProject
Project("{FAE04EC0-301F-11D3-BF4B-00C04F79EFBC}") = "DeepLMobile.iOS", "DeepLMobile\DeepLMobile.iOS\DeepLMobile.iOS.csproj", "{90010C14-15CF-4F9C-89A7-D6065E1DC6B5}"
EndProject
Project("{9A19103F-16F7-4668-BE54-9A1E7A4F7556}") = "DeepLMobile", "DeepLMobile\DeepLMobile\DeepLMobile.csproj", "{266D2A33-1425-42DE-B96D-44B948D3E910}"
EndProject
Global
	GlobalSection(SolutionConfigurationPlatforms) = preSolution
		Debug|Any CPU = Debug|Any CPU
		Debug|iPhone = Debug|iPhone
		Debug|iPhoneSimulator = Debug|iPhoneSimulator
		Release|Any CPU = Release|Any CPU
		Release|iPhone = Release|iPhone
		Release|iPhoneSimulator = Release|iPhoneSimulator
	EndGlobalSection
	GlobalSection(ProjectConfigurationPlatforms) = postSolution
		{500E386A-2416-403A-BD5F-DA15D2AE9D17}.Debug|Any CPU.ActiveCfg = Debug|Any CPU
		{500E386A-2416-403A-BD5F-DA15D2AE9D17}.Debug|Any CPU.Build.0 = Debug|Any CPU
		{500E386A-2416-403A-BD5F-DA15D2AE9D17}.Debug|Any CPU.Deploy.0 = Debug|Any CPU
		{500E386A-2416-403A-BD5F-DA15D2AE9D17}.Debug|iPhone.ActiveCfg = Debug|Any CPU
		{500E386A-2416-403A-BD5F-DA15D2AE9D17}.Debug|iPhone.Build.0 = Debug|Any CPU
		{500E386A-2416-403A-BD5F-DA15D2AE9D17}.Debug|iPhone.Deploy.0 = Debug|Any CPU
		{500E386A-2416-403A-BD5F-DA15D2AE9D17}.Debug|iPhoneSimulator.ActiveCfg = Debug|Any CPU
		{500E386A-2416-403A-BD5F-DA15D2AE9D17}.Debug|iPhoneSimulator.Build.0 = Debug|Any CPU
		{500E386A-2416-403A-BD5F-DA15D2AE9D17}.Debug|iPhoneSimulator.Deploy.0 = Debug|Any CPU
		{500E386A-2416-403A-BD5F-DA15D2AE9D17}.Release|Any CPU.ActiveCfg = Release|Any CPU
		{500E386A-2416-403A-BD5F-DA15D2AE9D17}.Release|Any CPU.Build.0 = Release|Any CPU
		{500E386A-2416-403A-BD5F-DA15D2AE9D17}.Release|Any CPU.Deploy.0 = Release|Any CPU
		{500E386A-2416-403A-BD5F-DA15D2AE9D17}.Release|iPhone.ActiveCfg = Release|Any CPU
		{500E386A-2416-403A-BD5F-DA15D2AE9D17}.Release|iPhone.Build.0 = Release|Any CPU
		{500E386A-2416-403A-BD5F-DA15D2AE9D17}.Release|iPhone.Deploy.0 = Release|Any CPU
		{500E386A-2416-403A-BD5F-DA15D2AE9D17}.Release|iPhoneSimulator.ActiveCfg = Release|Any CPU
		{500E386A-2416-403A-BD5F-DA15D2AE9D17}.Release|iPhoneSimulator.Build.0 = Release|Any CPU
		{500E386A-2416-403A-BD5F-DA15D2AE9D17}.Release|iPhoneSimulator.Deploy.0 = Release|Any CPU
		{90010C14-15CF-4F9C-89A7-D6065E1DC6B5}.Debug|Any CPU.ActiveCfg = Debug|iPhone
		{90010C14-15CF-4F9C-89A7-D6065E1DC6B5}.Debug|Any CPU.Build.0 = Debug|iPhone
		{90010C14-15CF-4F9C-89A7-D6065E1DC6B5}.Debug|Any CPU.Deploy.0 = Debug|iPhone
		{90010C14-15CF-4F9C-89A7-D6065E1DC6B5}.Debug|iPhone.ActiveCfg = Debug|iPhone
		{90010C14-15CF-4F9C-89A7-D6065E1DC6B5}.Debug|iPhone.Build.0 = Debug|iPhone
		{90010C14-15CF-4F9C-89A7-D6065E1DC6B5}.Debug|iPhone.Deploy.0 = Debug|iPhone
		{90010C14-15CF-4F9C-89A7-D6065E1DC6B5}.Debug|iPhoneSimulator.ActiveCfg = Debug|iPhoneSimulator
		{90010C14-15CF-4F9C-89A7-D6065E1DC6B5}.Debug|iPhoneSimulator.Build.0 = Debug|iPhoneSimulator
		{90010C14-15CF-4F9C-89A7-D6065E1DC6B5}.Debug|iPhoneSimulator.Deploy.0 = Debug|iPhoneSimulator
		{90010C14-15CF-4F9C-89A7-D6065E1DC6B5}.Release|Any CPU.ActiveCfg = Release|iPhoneSimulator
		{90010C14-15CF-4F9C-89A7-D6065E1DC6B5}.Release|Any CPU.Build.0 = Release|iPhoneSimulator
		{90010C14-15CF-4F9C-89A7-D6065E1DC6B5}.Release|Any CPU.Deploy.0 = Release|iPhoneSimulator
		{90010C14-15CF-4F9C-89A7-D6065E1DC6B5}.Release|iPhone.ActiveCfg = Release|iPhone
		{90010C14-15CF-4F9C-89A7-D6065E1DC6B5}.Release|iPhone.Build.0 = Release|iPhone
		{90010C14-15CF-4F9C-89A7-D6065E1DC6B5}.Release|iPhone.Deploy.0 = Release|iPhone
		{90010C14-15CF-4F9C-89A7-D6065E1DC6B5}.Release|iPhoneSimulator.ActiveCfg = Release|iPhoneSimulator
		{90010C14-15CF-4F9C-89A7-D6065E1DC6B5}.Release|iPhoneSimulator.Build.0 = Release|iPhoneSimulator
		{90010C14-15CF-4F9C-89A7-D6065E1DC6B5}.Release|iPhoneSimulator.Deploy.0 = Release|iPhoneSimulator
		{266D2A33-1425-42DE-B96D-44B948D3E910}.Debug|Any CPU.ActiveCfg = Debug|Any CPU
		{266D2A33-1425-42DE-B96D-44B948D3E910}.Debug|Any CPU.Build.0 = Debug|Any CPU
		{266D2A33-1425-42DE-B96D-44B948D3E910}.Debug|Any CPU.Deploy.0 = Debug|Any CPU
		{266D2A33-1425-42DE-B96D-44B948D3E910}.Debug|iPhone.ActiveCfg = Debug|Any CPU
		{266D2A33-1425-42DE-B96D-44B948D3E910}.Debug|iPhone.Build.0 = Debug|Any CPU
		{266D2A33-1425-42DE-B96D-44B948D3E910}.Debug|iPhone.Deploy.0 = Debug|Any CPU
		{266D2A33-1425-42DE-B96D-44B948D3E910}.Debug|iPhoneSimulator.ActiveCfg = Debug|Any CPU
		{266D2A33-1425-42DE-B96D-44B948D3E910}.Debug|iPhoneSimulator.Build.0 = Debug|Any CPU
		{266D2A33-1425-42DE-B96D-44B948D3E910}.Debug|iPhoneSimulator.Deploy.0 = Debug|Any CPU
		{266D2A33-1425-42DE-B96D-44B948D3E910}.Release|Any CPU.ActiveCfg = Release|Any CPU
		{266D2A33-1425-42DE-B96D-44B948D3E910}.Release|Any CPU.Build.0 = Release|Any CPU
		{266D2A33-1425-42DE-B96D-44B948D3E910}.Release|Any CPU.Deploy.0 = Release|Any CPU
		{266D2A33-1425-42DE-B96D-44B948D3E910}.Release|iPhone.ActiveCfg = Release|Any CPU
		{266D2A33-1425-42DE-B96D-44B948D3E910}.Release|iPhone.Build.0 = Release|Any CPU
		{266D2A33-1425-42DE-B96D-44B948D3E910}.Release|iPhone.Deploy.0 = Release|Any CPU
		{266D2A33-1425-42DE-B96D-44B948D3E910}.Release|iPhoneSimulator.ActiveCfg = Release|Any CPU
		{266D2A33-1425-42DE-B96D-44B948D3E910}.Release|iPhoneSimulator.Build.0 = Release|Any CPU
		{266D2A33-1425-42DE-B96D-44B948D3E910}.Release|iPhoneSimulator.Deploy.0 = Release|Any CPU
	EndGlobalSection
	GlobalSection(SolutionProperties) = preSolution
		HideSolutionNode = FALSE
	EndGlobalSection
	GlobalSection(ExtensibilityGlobals) = postSolution
		SolutionGuid = {390D4FBC-A459-44F9-B29F-779724803F75}
	EndGlobalSection
EndGlobal
